{
  "name": "appwrite",
  "lockfileVersion": 3,
  "requires": true,
  "packages": {
    "": {
      "dependencies": {
        "appwrite": "^21.2.1"
      }
    },
    "node_modules/appwrite": {
      "version": "21.2.1",
      "resolved": "https://registry.npmjs.org/appwrite/-/appwrite-21.2.1.tgz",
      "integrity": "sha512-OKC95Obw/VuruLf/XqURXHe/6uyQ8/ORpu/GEJC3MrPmwevElFFkE890LmYaolelKYYDPslFnHwgwAn+K3YgqA==",
      "license": "BSD-3-Clause"
    }
  }
}
